
Microsoft Visual Studio Solution File, Format Version 12.00
# Visual Studio Version 17
VisualStudioVersion = 17.13.35913.81 d17.13
MinimumVisualStudioVersion = 10.0.40219.1
Project("{FAE04EC0-301F-11D3-BF4B-00C04F79EFBC}") = "BetterHealthCare", "BetterHealthCare\BetterHealthCare.csproj", "{EDEE6A89-D7C4-4C0C-94E3-9C45AF85DDD9}"
EndProject
Global
	GlobalSection(SolutionConfigurationPlatforms) = preSolution
		Debug|Any CPU = Debug|Any CPU
		Release|Any CPU = Release|Any CPU
	EndGlobalSection
	GlobalSection(ProjectConfigurationPlatforms) = postSolution
		{EDEE6A89-D7C4-4C0C-94E3-9C45AF85DDD9}.Debug|Any CPU.ActiveCfg = Debug|Any CPU
		{EDEE6A89-D7C4-4C0C-94E3-9C45AF85DDD9}.Debug|Any CPU.Build.0 = Debug|Any CPU
		{EDEE6A89-D7C4-4C0C-94E3-9C45AF85DDD9}.Release|Any CPU.ActiveCfg = Release|Any CPU
		{EDEE6A89-D7C4-4C0C-94E3-9C45AF85DDD9}.Release|Any CPU.Build.0 = Release|Any CPU
	EndGlobalSection
	GlobalSection(SolutionProperties) = preSolution
		HideSolutionNode = FALSE
	EndGlobalSection
	GlobalSection(ExtensibilityGlobals) = postSolution
		SolutionGuid = {2E8A50C5-381C-4FB7-9E27-21E847A635A3}
	EndGlobalSection
EndGlobal
